
Microsoft Visual Studio Solution File, Format Version 12.00
# Visual Studio Version 16
VisualStudioVersion = 25.0.1700.1
MinimumVisualStudioVersion = 10.0.40219.1
Project("{FAE04EC0-301F-11D3-BF4B-00C04F79EFBC}") = "api-sample", "api-sample\api-sample.csproj", "{25A612D7-9DE3-404B-8147-37B4F7E51911}"
EndProject
Project("{FAE04EC0-301F-11D3-BF4B-00C04F79EFBC}") = "repository", "repository\repository.csproj", "{5AD2D8F9-A03E-41BE-88DC-E37387B77A29}"
EndProject
Project("{FAE04EC0-301F-11D3-BF4B-00C04F79EFBC}") = "model", "model\model.csproj", "{7313BD68-21FB-4689-A2F3-8F24F30DE22A}"
EndProject
Project("{FAE04EC0-301F-11D3-BF4B-00C04F79EFBC}") = "business", "business\business.csproj", "{344C1022-1D40-40AD-9ABA-F6AA44635BA0}"
EndProject
Global
	GlobalSection(SolutionConfigurationPlatforms) = preSolution
		Debug|Any CPU = Debug|Any CPU
		Release|Any CPU = Release|Any CPU
	EndGlobalSection
	GlobalSection(ProjectConfigurationPlatforms) = postSolution
		{25A612D7-9DE3-404B-8147-37B4F7E51911}.Debug|Any CPU.ActiveCfg = Debug|Any CPU
		{25A612D7-9DE3-404B-8147-37B4F7E51911}.Debug|Any CPU.Build.0 = Debug|Any CPU
		{25A612D7-9DE3-404B-8147-37B4F7E51911}.Release|Any CPU.ActiveCfg = Release|Any CPU
		{25A612D7-9DE3-404B-8147-37B4F7E51911}.Release|Any CPU.Build.0 = Release|Any CPU
		{5AD2D8F9-A03E-41BE-88DC-E37387B77A29}.Debug|Any CPU.ActiveCfg = Debug|Any CPU
		{5AD2D8F9-A03E-41BE-88DC-E37387B77A29}.Debug|Any CPU.Build.0 = Debug|Any CPU
		{5AD2D8F9-A03E-41BE-88DC-E37387B77A29}.Release|Any CPU.ActiveCfg = Release|Any CPU
		{5AD2D8F9-A03E-41BE-88DC-E37387B77A29}.Release|Any CPU.Build.0 = Release|Any CPU
		{7313BD68-21FB-4689-A2F3-8F24F30DE22A}.Debug|Any CPU.ActiveCfg = Debug|Any CPU
		{7313BD68-21FB-4689-A2F3-8F24F30DE22A}.Debug|Any CPU.Build.0 = Debug|Any CPU
		{7313BD68-21FB-4689-A2F3-8F24F30DE22A}.Release|Any CPU.ActiveCfg = Release|Any CPU
		{7313BD68-21FB-4689-A2F3-8F24F30DE22A}.Release|Any CPU.Build.0 = Release|Any CPU
		{344C1022-1D40-40AD-9ABA-F6AA44635BA0}.Debug|Any CPU.ActiveCfg = Debug|Any CPU
		{344C1022-1D40-40AD-9ABA-F6AA44635BA0}.Debug|Any CPU.Build.0 = Debug|Any CPU
		{344C1022-1D40-40AD-9ABA-F6AA44635BA0}.Release|Any CPU.ActiveCfg = Release|Any CPU
		{344C1022-1D40-40AD-9ABA-F6AA44635BA0}.Release|Any CPU.Build.0 = Release|Any CPU
	EndGlobalSection
	GlobalSection(SolutionProperties) = preSolution
		HideSolutionNode = FALSE
	EndGlobalSection
	GlobalSection(ExtensibilityGlobals) = postSolution
		SolutionGuid = {9EA66D44-0C3B-4555-849B-8C31F883B347}
	EndGlobalSection
EndGlobal
